
Microsoft Visual Studio Solution File, Format Version 12.00
# Visual Studio Version 17
VisualStudioVersion = 17.11.35222.181
MinimumVisualStudioVersion = 10.0.40219.1
Project("{FAE04EC0-301F-11D3-BF4B-00C04F79EFBC}") = "lez03_07_Intefacce", "lez03_07_Intefacce\lez03_07_Intefacce.csproj", "{60FFA348-01EA-4E59-B6CB-D1B082DFB781}"
EndProject
Global
	GlobalSection(SolutionConfigurationPlatforms) = preSolution
		Debug|Any CPU = Debug|Any CPU
		Release|Any CPU = Release|Any CPU
	EndGlobalSection
	GlobalSection(ProjectConfigurationPlatforms) = postSolution
		{60FFA348-01EA-4E59-B6CB-D1B082DFB781}.Debug|Any CPU.ActiveCfg = Debug|Any CPU
		{60FFA348-01EA-4E59-B6CB-D1B082DFB781}.Debug|Any CPU.Build.0 = Debug|Any CPU
		{60FFA348-01EA-4E59-B6CB-D1B082DFB781}.Release|Any CPU.ActiveCfg = Release|Any CPU
		{60FFA348-01EA-4E59-B6CB-D1B082DFB781}.Release|Any CPU.Build.0 = Release|Any CPU
	EndGlobalSection
	GlobalSection(SolutionProperties) = preSolution
		HideSolutionNode = FALSE
	EndGlobalSection
	GlobalSection(ExtensibilityGlobals) = postSolution
		SolutionGuid = {FF259A0F-2F27-4424-B557-B5D901BE3788}
	EndGlobalSection
EndGlobal
