
Microsoft Visual Studio Solution File, Format Version 12.00
# Visual Studio Version 17
VisualStudioVersion = 17.11.35222.181
MinimumVisualStudioVersion = 10.0.40219.1
Project("{FAE04EC0-301F-11D3-BF4B-00C04F79EFBC}") = "WPF_lez01_Componenti", "WPF_lez01_Componenti\WPF_lez01_Componenti.csproj", "{1C971EAD-1599-45BA-94D2-AFC7E3892013}"
EndProject
Global
	GlobalSection(SolutionConfigurationPlatforms) = preSolution
		Debug|Any CPU = Debug|Any CPU
		Release|Any CPU = Release|Any CPU
	EndGlobalSection
	GlobalSection(ProjectConfigurationPlatforms) = postSolution
		{1C971EAD-1599-45BA-94D2-AFC7E3892013}.Debug|Any CPU.ActiveCfg = Debug|Any CPU
		{1C971EAD-1599-45BA-94D2-AFC7E3892013}.Debug|Any CPU.Build.0 = Debug|Any CPU
		{1C971EAD-1599-45BA-94D2-AFC7E3892013}.Release|Any CPU.ActiveCfg = Release|Any CPU
		{1C971EAD-1599-45BA-94D2-AFC7E3892013}.Release|Any CPU.Build.0 = Release|Any CPU
	EndGlobalSection
	GlobalSection(SolutionProperties) = preSolution
		HideSolutionNode = FALSE
	EndGlobalSection
	GlobalSection(ExtensibilityGlobals) = postSolution
		SolutionGuid = {2BCC62B4-DA2F-4BF0-97D1-C5C2F283E00C}
	EndGlobalSection
EndGlobal
