
Microsoft Visual Studio Solution File, Format Version 12.00
# Visual Studio Version 17
VisualStudioVersion = 17.11.35222.181
MinimumVisualStudioVersion = 10.0.40219.1
Project("{FAE04EC0-301F-11D3-BF4B-00C04F79EFBC}") = "LINQ_lez05_taskino", "LINQ_lez05_taskino\LINQ_lez05_taskino.csproj", "{26F5F64E-4C7C-4922-B48D-A2A8A7E094B9}"
EndProject
Global
	GlobalSection(SolutionConfigurationPlatforms) = preSolution
		Debug|Any CPU = Debug|Any CPU
		Release|Any CPU = Release|Any CPU
	EndGlobalSection
	GlobalSection(ProjectConfigurationPlatforms) = postSolution
		{26F5F64E-4C7C-4922-B48D-A2A8A7E094B9}.Debug|Any CPU.ActiveCfg = Debug|Any CPU
		{26F5F64E-4C7C-4922-B48D-A2A8A7E094B9}.Debug|Any CPU.Build.0 = Debug|Any CPU
		{26F5F64E-4C7C-4922-B48D-A2A8A7E094B9}.Release|Any CPU.ActiveCfg = Release|Any CPU
		{26F5F64E-4C7C-4922-B48D-A2A8A7E094B9}.Release|Any CPU.Build.0 = Release|Any CPU
	EndGlobalSection
	GlobalSection(SolutionProperties) = preSolution
		HideSolutionNode = FALSE
	EndGlobalSection
	GlobalSection(ExtensibilityGlobals) = postSolution
		SolutionGuid = {48C344F6-92CA-4761-B477-6CB91CBF0E1F}
	EndGlobalSection
EndGlobal
