
Microsoft Visual Studio Solution File, Format Version 12.00
# Visual Studio Version 17
VisualStudioVersion = 17.11.35222.181
MinimumVisualStudioVersion = 10.0.40219.1
Project("{FAE04EC0-301F-11D3-BF4B-00C04F79EFBC}") = "lez01_HelloWorld", "lez01_HelloWorld\lez01_HelloWorld.csproj", "{36310D2B-498D-4A05-BD5D-35CEADDB40FF}"
EndProject
Global
	GlobalSection(SolutionConfigurationPlatforms) = preSolution
		Debug|Any CPU = Debug|Any CPU
		Release|Any CPU = Release|Any CPU
	EndGlobalSection
	GlobalSection(ProjectConfigurationPlatforms) = postSolution
		{36310D2B-498D-4A05-BD5D-35CEADDB40FF}.Debug|Any CPU.ActiveCfg = Debug|Any CPU
		{36310D2B-498D-4A05-BD5D-35CEADDB40FF}.Debug|Any CPU.Build.0 = Debug|Any CPU
		{36310D2B-498D-4A05-BD5D-35CEADDB40FF}.Release|Any CPU.ActiveCfg = Release|Any CPU
		{36310D2B-498D-4A05-BD5D-35CEADDB40FF}.Release|Any CPU.Build.0 = Release|Any CPU
	EndGlobalSection
	GlobalSection(SolutionProperties) = preSolution
		HideSolutionNode = FALSE
	EndGlobalSection
	GlobalSection(ExtensibilityGlobals) = postSolution
		SolutionGuid = {E0CECD40-5264-44AA-B118-F61BC8EF72A9}
	EndGlobalSection
EndGlobal
