
Microsoft Visual Studio Solution File, Format Version 12.00
# Visual Studio Version 17
VisualStudioVersion = 17.11.35222.181
MinimumVisualStudioVersion = 10.0.40219.1
Project("{FAE04EC0-301F-11D3-BF4B-00C04F79EFBC}") = "DB_lez08_Injection", "DB_lez08_Injection\DB_lez08_Injection.csproj", "{8FE0A916-1B3D-4EFE-825C-6A9E7436EEA2}"
EndProject
Global
	GlobalSection(SolutionConfigurationPlatforms) = preSolution
		Debug|Any CPU = Debug|Any CPU
		Release|Any CPU = Release|Any CPU
	EndGlobalSection
	GlobalSection(ProjectConfigurationPlatforms) = postSolution
		{8FE0A916-1B3D-4EFE-825C-6A9E7436EEA2}.Debug|Any CPU.ActiveCfg = Debug|Any CPU
		{8FE0A916-1B3D-4EFE-825C-6A9E7436EEA2}.Debug|Any CPU.Build.0 = Debug|Any CPU
		{8FE0A916-1B3D-4EFE-825C-6A9E7436EEA2}.Release|Any CPU.ActiveCfg = Release|Any CPU
		{8FE0A916-1B3D-4EFE-825C-6A9E7436EEA2}.Release|Any CPU.Build.0 = Release|Any CPU
	EndGlobalSection
	GlobalSection(SolutionProperties) = preSolution
		HideSolutionNode = FALSE
	EndGlobalSection
	GlobalSection(ExtensibilityGlobals) = postSolution
		SolutionGuid = {D4D140F2-51A4-4416-8741-4191914A2B35}
	EndGlobalSection
EndGlobal
