
Microsoft Visual Studio Solution File, Format Version 12.00
# Visual Studio Version 17
VisualStudioVersion = 17.11.35222.181
MinimumVisualStudioVersion = 10.0.40219.1
Project("{FAE04EC0-301F-11D3-BF4B-00C04F79EFBC}") = "lez02_06_Metodi", "lez02_06_Metodi\lez02_06_Metodi.csproj", "{5E7ADAC1-8665-44F7-8B94-1E414C3315A7}"
EndProject
Global
	GlobalSection(SolutionConfigurationPlatforms) = preSolution
		Debug|Any CPU = Debug|Any CPU
		Release|Any CPU = Release|Any CPU
	EndGlobalSection
	GlobalSection(ProjectConfigurationPlatforms) = postSolution
		{5E7ADAC1-8665-44F7-8B94-1E414C3315A7}.Debug|Any CPU.ActiveCfg = Debug|Any CPU
		{5E7ADAC1-8665-44F7-8B94-1E414C3315A7}.Debug|Any CPU.Build.0 = Debug|Any CPU
		{5E7ADAC1-8665-44F7-8B94-1E414C3315A7}.Release|Any CPU.ActiveCfg = Release|Any CPU
		{5E7ADAC1-8665-44F7-8B94-1E414C3315A7}.Release|Any CPU.Build.0 = Release|Any CPU
	EndGlobalSection
	GlobalSection(SolutionProperties) = preSolution
		HideSolutionNode = FALSE
	EndGlobalSection
	GlobalSection(ExtensibilityGlobals) = postSolution
		SolutionGuid = {4DA10AAD-1BD9-4F3C-B306-E6DBC1B02208}
	EndGlobalSection
EndGlobal
