
Microsoft Visual Studio Solution File, Format Version 12.00
# Visual Studio Version 17
VisualStudioVersion = 17.11.35222.181
MinimumVisualStudioVersion = 10.0.40219.1
Project("{FAE04EC0-301F-11D3-BF4B-00C04F79EFBC}") = "lez05_01_CorrezioneEsercizio1", "lez05_01_CorrezioneEsercizio1\lez05_01_CorrezioneEsercizio1.csproj", "{5B65F367-A805-4D2D-B36B-2045424EB938}"
EndProject
Global
	GlobalSection(SolutionConfigurationPlatforms) = preSolution
		Debug|Any CPU = Debug|Any CPU
		Release|Any CPU = Release|Any CPU
	EndGlobalSection
	GlobalSection(ProjectConfigurationPlatforms) = postSolution
		{5B65F367-A805-4D2D-B36B-2045424EB938}.Debug|Any CPU.ActiveCfg = Debug|Any CPU
		{5B65F367-A805-4D2D-B36B-2045424EB938}.Debug|Any CPU.Build.0 = Debug|Any CPU
		{5B65F367-A805-4D2D-B36B-2045424EB938}.Release|Any CPU.ActiveCfg = Release|Any CPU
		{5B65F367-A805-4D2D-B36B-2045424EB938}.Release|Any CPU.Build.0 = Release|Any CPU
	EndGlobalSection
	GlobalSection(SolutionProperties) = preSolution
		HideSolutionNode = FALSE
	EndGlobalSection
	GlobalSection(ExtensibilityGlobals) = postSolution
		SolutionGuid = {A3DA4D13-3B49-4524-9D84-84C305B97F62}
	EndGlobalSection
EndGlobal
