
Microsoft Visual Studio Solution File, Format Version 12.00
# Visual Studio Version 17
VisualStudioVersion = 17.11.35222.181
MinimumVisualStudioVersion = 10.0.40219.1
Project("{FAE04EC0-301F-11D3-BF4B-00C04F79EFBC}") = "lez01_09_CicliSemplici", "lez01_09_CicliSemplici\lez01_09_CicliSemplici.csproj", "{51D8EAE6-EB6F-4CF3-8EC0-7F5CBEF747A6}"
EndProject
Global
	GlobalSection(SolutionConfigurationPlatforms) = preSolution
		Debug|Any CPU = Debug|Any CPU
		Release|Any CPU = Release|Any CPU
	EndGlobalSection
	GlobalSection(ProjectConfigurationPlatforms) = postSolution
		{51D8EAE6-EB6F-4CF3-8EC0-7F5CBEF747A6}.Debug|Any CPU.ActiveCfg = Debug|Any CPU
		{51D8EAE6-EB6F-4CF3-8EC0-7F5CBEF747A6}.Debug|Any CPU.Build.0 = Debug|Any CPU
		{51D8EAE6-EB6F-4CF3-8EC0-7F5CBEF747A6}.Release|Any CPU.ActiveCfg = Release|Any CPU
		{51D8EAE6-EB6F-4CF3-8EC0-7F5CBEF747A6}.Release|Any CPU.Build.0 = Release|Any CPU
	EndGlobalSection
	GlobalSection(SolutionProperties) = preSolution
		HideSolutionNode = FALSE
	EndGlobalSection
	GlobalSection(ExtensibilityGlobals) = postSolution
		SolutionGuid = {C6FE5E94-9957-4D8F-9073-3D7521CF9D08}
	EndGlobalSection
EndGlobal
