
Microsoft Visual Studio Solution File, Format Version 12.00
# Visual Studio Version 17
VisualStudioVersion = 17.11.35222.181
MinimumVisualStudioVersion = 10.0.40219.1
Project("{FAE04EC0-301F-11D3-BF4B-00C04F79EFBC}") = "DB_lez07_dipendenza_ciclica", "DB_lez07_dipendenza_ciclica\DB_lez07_dipendenza_ciclica.csproj", "{F494FD27-A4EC-48CD-8355-81708AD029EB}"
EndProject
Global
	GlobalSection(SolutionConfigurationPlatforms) = preSolution
		Debug|Any CPU = Debug|Any CPU
		Release|Any CPU = Release|Any CPU
	EndGlobalSection
	GlobalSection(ProjectConfigurationPlatforms) = postSolution
		{F494FD27-A4EC-48CD-8355-81708AD029EB}.Debug|Any CPU.ActiveCfg = Debug|Any CPU
		{F494FD27-A4EC-48CD-8355-81708AD029EB}.Debug|Any CPU.Build.0 = Debug|Any CPU
		{F494FD27-A4EC-48CD-8355-81708AD029EB}.Release|Any CPU.ActiveCfg = Release|Any CPU
		{F494FD27-A4EC-48CD-8355-81708AD029EB}.Release|Any CPU.Build.0 = Release|Any CPU
	EndGlobalSection
	GlobalSection(SolutionProperties) = preSolution
		HideSolutionNode = FALSE
	EndGlobalSection
	GlobalSection(ExtensibilityGlobals) = postSolution
		SolutionGuid = {54FC9387-09FE-44D3-A9E8-626169F81401}
	EndGlobalSection
EndGlobal
