
Microsoft Visual Studio Solution File, Format Version 12.00
# Visual Studio Version 17
VisualStudioVersion = 17.11.35222.181
MinimumVisualStudioVersion = 10.0.40219.1
Project("{FAE04EC0-301F-11D3-BF4B-00C04F79EFBC}") = "DB_lez06_task_edicola", "DB_lez06_task_edicola\DB_lez06_task_edicola.csproj", "{04FD8405-C278-406A-B3EF-80D5D985A785}"
EndProject
Global
	GlobalSection(SolutionConfigurationPlatforms) = preSolution
		Debug|Any CPU = Debug|Any CPU
		Release|Any CPU = Release|Any CPU
	EndGlobalSection
	GlobalSection(ProjectConfigurationPlatforms) = postSolution
		{04FD8405-C278-406A-B3EF-80D5D985A785}.Debug|Any CPU.ActiveCfg = Debug|Any CPU
		{04FD8405-C278-406A-B3EF-80D5D985A785}.Debug|Any CPU.Build.0 = Debug|Any CPU
		{04FD8405-C278-406A-B3EF-80D5D985A785}.Release|Any CPU.ActiveCfg = Release|Any CPU
		{04FD8405-C278-406A-B3EF-80D5D985A785}.Release|Any CPU.Build.0 = Release|Any CPU
	EndGlobalSection
	GlobalSection(SolutionProperties) = preSolution
		HideSolutionNode = FALSE
	EndGlobalSection
	GlobalSection(ExtensibilityGlobals) = postSolution
		SolutionGuid = {0C0AC51B-1251-4FBE-AC96-32F235C003AF}
	EndGlobalSection
EndGlobal
