
Microsoft Visual Studio Solution File, Format Version 12.00
# Visual Studio Version 17
VisualStudioVersion = 17.11.35222.181
MinimumVisualStudioVersion = 10.0.40219.1
Project("{FAE04EC0-301F-11D3-BF4B-00C04F79EFBC}") = "WPF_lez04_Contatti", "WPF_lez04_Contatti\WPF_lez04_Contatti.csproj", "{1909473E-3D9E-4936-A1A2-58321AFE1FED}"
EndProject
Global
	GlobalSection(SolutionConfigurationPlatforms) = preSolution
		Debug|Any CPU = Debug|Any CPU
		Release|Any CPU = Release|Any CPU
	EndGlobalSection
	GlobalSection(ProjectConfigurationPlatforms) = postSolution
		{1909473E-3D9E-4936-A1A2-58321AFE1FED}.Debug|Any CPU.ActiveCfg = Debug|Any CPU
		{1909473E-3D9E-4936-A1A2-58321AFE1FED}.Debug|Any CPU.Build.0 = Debug|Any CPU
		{1909473E-3D9E-4936-A1A2-58321AFE1FED}.Release|Any CPU.ActiveCfg = Release|Any CPU
		{1909473E-3D9E-4936-A1A2-58321AFE1FED}.Release|Any CPU.Build.0 = Release|Any CPU
	EndGlobalSection
	GlobalSection(SolutionProperties) = preSolution
		HideSolutionNode = FALSE
	EndGlobalSection
	GlobalSection(ExtensibilityGlobals) = postSolution
		SolutionGuid = {F4A1753A-B2EF-4328-A2F8-5CF7154C77D1}
	EndGlobalSection
EndGlobal
