
Microsoft Visual Studio Solution File, Format Version 12.00
# Visual Studio Version 17
VisualStudioVersion = 17.11.35222.181
MinimumVisualStudioVersion = 10.0.40219.1
Project("{FAE04EC0-301F-11D3-BF4B-00C04F79EFBC}") = "DB_lez05_Calcolatrice", "DB_lez05_Calcolatrice\DB_lez05_Calcolatrice.csproj", "{360687B4-9755-4DEE-B5FF-26080E5ACB80}"
EndProject
Global
	GlobalSection(SolutionConfigurationPlatforms) = preSolution
		Debug|Any CPU = Debug|Any CPU
		Release|Any CPU = Release|Any CPU
	EndGlobalSection
	GlobalSection(ProjectConfigurationPlatforms) = postSolution
		{360687B4-9755-4DEE-B5FF-26080E5ACB80}.Debug|Any CPU.ActiveCfg = Debug|Any CPU
		{360687B4-9755-4DEE-B5FF-26080E5ACB80}.Debug|Any CPU.Build.0 = Debug|Any CPU
		{360687B4-9755-4DEE-B5FF-26080E5ACB80}.Release|Any CPU.ActiveCfg = Release|Any CPU
		{360687B4-9755-4DEE-B5FF-26080E5ACB80}.Release|Any CPU.Build.0 = Release|Any CPU
	EndGlobalSection
	GlobalSection(SolutionProperties) = preSolution
		HideSolutionNode = FALSE
	EndGlobalSection
	GlobalSection(ExtensibilityGlobals) = postSolution
		SolutionGuid = {8BCA8ADC-80E0-42C3-AB5D-F31050B9A516}
	EndGlobalSection
EndGlobal
